
Microsoft Visual Studio Solution File, Format Version 12.00
# Visual Studio 15
VisualStudioVersion = 15.0.27428.2011
MinimumVisualStudioVersion = 10.0.40219.1
Project("{FAE04EC0-301F-11D3-BF4B-00C04F79EFBC}") = "ClassLibrary1", "ClassLibrary1\ClassLibrary1.csproj", "{8DFBA2B0-4A6F-452D-A603-A01079E8F8CB}"
EndProject
Project("{FAE04EC0-301F-11D3-BF4B-00C04F79EFBC}") = "ClassLibrary2", "ClassLibrary2\ClassLibrary2.csproj", "{EA8995CC-7DE8-478F-A2EE-C2E26C3EEA08}"
EndProject
Project("{FAE04EC0-301F-11D3-BF4B-00C04F79EFBC}") = "ClassLibrary3", "ClassLibrary3\ClassLibrary3.csproj", "{FFDAA7F8-B3E4-44DA-96C8-B2D4540BD02C}"
EndProject
Global
	GlobalSection(SolutionConfigurationPlatforms) = preSolution
		Debug|Any CPU = Debug|Any CPU
		Release|Any CPU = Release|Any CPU
	EndGlobalSection
	GlobalSection(ProjectConfigurationPlatforms) = postSolution
		{8DFBA2B0-4A6F-452D-A603-A01079E8F8CB}.Debug|Any CPU.ActiveCfg = Debug|Any CPU
		{8DFBA2B0-4A6F-452D-A603-A01079E8F8CB}.Debug|Any CPU.Build.0 = Debug|Any CPU
		{8DFBA2B0-4A6F-452D-A603-A01079E8F8CB}.Release|Any CPU.ActiveCfg = Release|Any CPU
		{8DFBA2B0-4A6F-452D-A603-A01079E8F8CB}.Release|Any CPU.Build.0 = Release|Any CPU
		{EA8995CC-7DE8-478F-A2EE-C2E26C3EEA08}.Debug|Any CPU.ActiveCfg = Debug|Any CPU
		{EA8995CC-7DE8-478F-A2EE-C2E26C3EEA08}.Debug|Any CPU.Build.0 = Debug|Any CPU
		{EA8995CC-7DE8-478F-A2EE-C2E26C3EEA08}.Release|Any CPU.ActiveCfg = Release|Any CPU
		{EA8995CC-7DE8-478F-A2EE-C2E26C3EEA08}.Release|Any CPU.Build.0 = Release|Any CPU
		{FFDAA7F8-B3E4-44DA-96C8-B2D4540BD02C}.Debug|Any CPU.ActiveCfg = Debug|Any CPU
		{FFDAA7F8-B3E4-44DA-96C8-B2D4540BD02C}.Debug|Any CPU.Build.0 = Debug|Any CPU
		{FFDAA7F8-B3E4-44DA-96C8-B2D4540BD02C}.Release|Any CPU.ActiveCfg = Release|Any CPU
		{FFDAA7F8-B3E4-44DA-96C8-B2D4540BD02C}.Release|Any CPU.Build.0 = Release|Any CPU
	EndGlobalSection
	GlobalSection(SolutionProperties) = preSolution
		HideSolutionNode = FALSE
	EndGlobalSection
	GlobalSection(ExtensibilityGlobals) = postSolution
		SolutionGuid = {1308EBDF-7BEA-479A-AF70-621C1338F894}
	EndGlobalSection
EndGlobal
